{
  "pins" : [
    {
      "identity" : "refds-ui",
      "kind" : "remoteSourceControl",
      "location" : "https://github.com/rafaelesantos/refds-ui.git",
      "state" : {
        "branch" : "main",
        "revision" : "380830c0d2cc125eca40f52003b01d3ae723b8c0"
      }
    }
  ],
  "version" : 2
}
