{
  "pins" : [
    {
      "identity" : "refds-clean-architecture",
      "kind" : "remoteSourceControl",
      "location" : "https://github.com/rafaelesantos/refds-clean-architecture",
      "state" : {
        "branch" : "main",
        "revision" : "805ecc097cc5fad7769180d0934640530afad912"
      }
    },
    {
      "identity" : "refds-ui",
      "kind" : "remoteSourceControl",
      "location" : "https://github.com/rafaelesantos/refds-ui.git",
      "state" : {
        "branch" : "main",
        "revision" : "959272b9b91d6923ca4a0bd8dfb631f639f34b4d"
      }
    }
  ],
  "version" : 2
}
